
Microsoft Visual Studio Solution File, Format Version 12.00
# Visual Studio Version 16
VisualStudioVersion = 16.0.31911.196
MinimumVisualStudioVersion = 10.0.40219.1
Project("{9A19103F-16F7-4668-BE54-9A1E7A4F7556}") = "RestaurantSystem", "RestaurantSystem\RestaurantSystem.csproj", "{588ACA9A-8100-41D2-9501-AE74F65EB549}"
EndProject
Global
	GlobalSection(SolutionConfigurationPlatforms) = preSolution
		Debug|Any CPU = Debug|Any CPU
		Release|Any CPU = Release|Any CPU
	EndGlobalSection
	GlobalSection(ProjectConfigurationPlatforms) = postSolution
		{588ACA9A-8100-41D2-9501-AE74F65EB549}.Debug|Any CPU.ActiveCfg = Debug|Any CPU
		{588ACA9A-8100-41D2-9501-AE74F65EB549}.Debug|Any CPU.Build.0 = Debug|Any CPU
		{588ACA9A-8100-41D2-9501-AE74F65EB549}.Release|Any CPU.ActiveCfg = Release|Any CPU
		{588ACA9A-8100-41D2-9501-AE74F65EB549}.Release|Any CPU.Build.0 = Release|Any CPU
	EndGlobalSection
	GlobalSection(SolutionProperties) = preSolution
		HideSolutionNode = FALSE
	EndGlobalSection
	GlobalSection(ExtensibilityGlobals) = postSolution
		SolutionGuid = {B872E804-1B2B-4969-A445-F6C3564F0188}
	EndGlobalSection
EndGlobal
